// !$*UTF8*$!
{
	archiveVersion = 1;
	classes = {
	};
	objectVersion = 50;
	objects = {

/* Begin PBXBuildFile section */
		EB009AED22D1DCDE0053C784 /* Main.storyboard in Resources */ = {isa = PBXBuildFile; fileRef = EB17F90D22CDF8B900079912 /* Main.storyboard */; };
		EB17F90A22CDF8B900079912 /* AppDelegate.swift in Sources */ = {isa = PBXBuildFile; fileRef = EB17F90922CDF8B900079912 /* AppDelegate.swift */; };
		EB17F90C22CDF8B900079912 /* ViewController.swift in Sources */ = {isa = PBXBuildFile; fileRef = EB17F90B22CDF8B900079912 /* ViewController.swift */; };
		EB17F91122CDF8BB00079912 /* Assets.xcassets in Resources */ = {isa = PBXBuildFile; fileRef = EB17F91022CDF8BB00079912 /* Assets.xcassets */; };
		EB17F91422CDF8BB00079912 /* LaunchScreen.storyboard in Resources */ = {isa = PBXBuildFile; fileRef = EB17F91222CDF8BB00079912 /* LaunchScreen.storyboard */; };
		EB17F91D22CDFAA700079912 /* PlayingCard.swift in Sources */ = {isa = PBXBuildFile; fileRef = EB17F91C22CDFAA700079912 /* PlayingCard.swift */; };
		EB17F91F22CE01EA00079912 /* PlayingCardDeck.swift in Sources */ = {isa = PBXBuildFile; fileRef = EB17F91E22CE01EA00079912 /* PlayingCardDeck.swift */; };
		EB17F92422CE1C7C00079912 /* PlayingCardView.swift in Sources */ = {isa = PBXBuildFile; fileRef = EB17F92222CE1ACC00079912 /* PlayingCardView.swift */; };
		EB17F92722CE1D9500079912 /* Int_extension.swift in Sources */ = {isa = PBXBuildFile; fileRef = EB17F92622CE1D9500079912 /* Int_extension.swift */; };
		EB17F92922CE2A3E00079912 /* PlayingCardView_extension.swift in Sources */ = {isa = PBXBuildFile; fileRef = EB17F92822CE2A3E00079912 /* PlayingCardView_extension.swift */; };
		EB17F92B22CE2F7500079912 /* CGRect_extension.swift in Sources */ = {isa = PBXBuildFile; fileRef = EB17F92A22CE2F7500079912 /* CGRect_extension.swift */; };
		EB17F92D22CE2F9400079912 /* CGPoint_extension.swift in Sources */ = {isa = PBXBuildFile; fileRef = EB17F92C22CE2F9400079912 /* CGPoint_extension.swift */; };
/* End PBXBuildFile section */

/* Begin PBXFileReference section */
		EB17F90622CDF8B900079912 /* PlayingCard.app */ = {isa = PBXFileReference; explicitFileType = wrapper.application; includeInIndex = 0; path = PlayingCard.app; sourceTree = BUILT_PRODUCTS_DIR; };
		EB17F90922CDF8B900079912 /* AppDelegate.swift */ = {isa = PBXFileReference; lastKnownFileType = sourcecode.swift; path = AppDelegate.swift; sourceTree = "<group>"; };
		EB17F90B22CDF8B900079912 /* ViewController.swift */ = {isa = PBXFileReference; lastKnownFileType = sourcecode.swift; path = ViewController.swift; sourceTree = "<group>"; };
		EB17F90E22CDF8B900079912 /* Base */ = {isa = PBXFileReference; lastKnownFileType = file.storyboard; name = Base; path = Base.lproj/Main.storyboard; sourceTree = "<group>"; };
		EB17F91022CDF8BB00079912 /* Assets.xcassets */ = {isa = PBXFileReference; lastKnownFileType = folder.assetcatalog; path = Assets.xcassets; sourceTree = "<group>"; };
		EB17F91322CDF8BB00079912 /* Base */ = {isa = PBXFileReference; lastKnownFileType = file.storyboard; name = Base; path = Base.lproj/LaunchScreen.storyboard; sourceTree = "<group>"; };
		EB17F91522CDF8BB00079912 /* Info.plist */ = {isa = PBXFileReference; lastKnownFileType = text.plist.xml; path = Info.plist; sourceTree = "<group>"; };
		EB17F91C22CDFAA700079912 /* PlayingCard.swift */ = {isa = PBXFileReference; lastKnownFileType = sourcecode.swift; path = PlayingCard.swift; sourceTree = "<group>"; };
		EB17F91E22CE01EA00079912 /* PlayingCardDeck.swift */ = {isa = PBXFileReference; lastKnownFileType = sourcecode.swift; path = PlayingCardDeck.swift; sourceTree = "<group>"; };
		EB17F92222CE1ACC00079912 /* PlayingCardView.swift */ = {isa = PBXFileReference; lastKnownFileType = sourcecode.swift; path = PlayingCardView.swift; sourceTree = "<group>"; };
		EB17F92622CE1D9500079912 /* Int_extension.swift */ = {isa = PBXFileReference; lastKnownFileType = sourcecode.swift; path = Int_extension.swift; sourceTree = "<group>"; };
		EB17F92822CE2A3E00079912 /* PlayingCardView_extension.swift */ = {isa = PBXFileReference; lastKnownFileType = sourcecode.swift; path = PlayingCardView_extension.swift; sourceTree = "<group>"; };
		EB17F92A22CE2F7500079912 /* CGRect_extension.swift */ = {isa = PBXFileReference; lastKnownFileType = sourcecode.swift; path = CGRect_extension.swift; sourceTree = "<group>"; };
		EB17F92C22CE2F9400079912 /* CGPoint_extension.swift */ = {isa = PBXFileReference; lastKnownFileType = sourcecode.swift; path = CGPoint_extension.swift; sourceTree = "<group>"; };
/* End PBXFileReference section */

/* Begin PBXFrameworksBuildPhase section */
		EB17F90322CDF8B900079912 /* Frameworks */ = {
			isa = PBXFrameworksBuildPhase;
			buildActionMask = 2147483647;
			files = (
			);
			runOnlyForDeploymentPostprocessing = 0;
		};
/* End PBXFrameworksBuildPhase section */

/* Begin PBXGroup section */
		EB17F8FD22CDF8B900079912 = {
			isa = PBXGroup;
			children = (
				EB17F92522CE1D4E00079912 /* Extensions */,
				EB17F90822CDF8B900079912 /* PlayingCard */,
				EB17F90722CDF8B900079912 /* Products */,
			);
			sourceTree = "<group>";
		};
		EB17F90722CDF8B900079912 /* Products */ = {
			isa = PBXGroup;
			children = (
				EB17F90622CDF8B900079912 /* PlayingCard.app */,
			);
			name = Products;
			sourceTree = "<group>";
		};
		EB17F90822CDF8B900079912 /* PlayingCard */ = {
			isa = PBXGroup;
			children = (
				EB17F92222CE1ACC00079912 /* PlayingCardView.swift */,
				EB17F90B22CDF8B900079912 /* ViewController.swift */,
				EB17F91C22CDFAA700079912 /* PlayingCard.swift */,
				EB17F91E22CE01EA00079912 /* PlayingCardDeck.swift */,
				EB17F90D22CDF8B900079912 /* Main.storyboard */,
				EB17F91022CDF8BB00079912 /* Assets.xcassets */,
				EB17F91522CDF8BB00079912 /* Info.plist */,
				EB17F91B22CDF94700079912 /* Supporting Files */,
			);
			path = PlayingCard;
			sourceTree = "<group>";
		};
		EB17F91B22CDF94700079912 /* Supporting Files */ = {
			isa = PBXGroup;
			children = (
				EB17F90922CDF8B900079912 /* AppDelegate.swift */,
				EB17F91222CDF8BB00079912 /* LaunchScreen.storyboard */,
			);
			path = "Supporting Files";
			sourceTree = "<group>";
		};
		EB17F92522CE1D4E00079912 /* Extensions */ = {
			isa = PBXGroup;
			children = (
				EB17F92622CE1D9500079912 /* Int_extension.swift */,
				EB17F92822CE2A3E00079912 /* PlayingCardView_extension.swift */,
				EB17F92A22CE2F7500079912 /* CGRect_extension.swift */,
				EB17F92C22CE2F9400079912 /* CGPoint_extension.swift */,
			);
			path = Extensions;
			sourceTree = "<group>";
		};
/* End PBXGroup section */

/* Begin PBXNativeTarget section */
		EB17F90522CDF8B900079912 /* PlayingCard */ = {
			isa = PBXNativeTarget;
			buildConfigurationList = EB17F91822CDF8BB00079912 /* Build configuration list for PBXNativeTarget "PlayingCard" */;
			buildPhases = (
				EB17F90222CDF8B900079912 /* Sources */,
				EB17F90322CDF8B900079912 /* Frameworks */,
				EB17F90422CDF8B900079912 /* Resources */,
			);
			buildRules = (
			);
			dependencies = (
			);
			name = PlayingCard;
			productName = PlayingCard;
			productReference = EB17F90622CDF8B900079912 /* PlayingCard.app */;
			productType = "com.apple.product-type.application";
		};
/* End PBXNativeTarget section */

/* Begin PBXProject section */
		EB17F8FE22CDF8B900079912 /* Project object */ = {
			isa = PBXProject;
			attributes = {
				LastSwiftUpdateCheck = 1000;
				LastUpgradeCheck = 1000;
				ORGANIZATIONNAME = Owner;
				TargetAttributes = {
					EB17F90522CDF8B900079912 = {
						CreatedOnToolsVersion = 10.0;
					};
				};
			};
			buildConfigurationList = EB17F90122CDF8B900079912 /* Build configuration list for PBXProject "PlayingCard" */;
			compatibilityVersion = "Xcode 9.3";
			developmentRegion = en;
			hasScannedForEncodings = 0;
			knownRegions = (
				en,
				Base,
			);
			mainGroup = EB17F8FD22CDF8B900079912;
			productRefGroup = EB17F90722CDF8B900079912 /* Products */;
			projectDirPath = "";
			projectRoot = "";
			targets = (
				EB17F90522CDF8B900079912 /* PlayingCard */,
			);
		};
/* End PBXProject section */

/* Begin PBXResourcesBuildPhase section */
		EB17F90422CDF8B900079912 /* Resources */ = {
			isa = PBXResourcesBuildPhase;
			buildActionMask = 2147483647;
			files = (
				EB009AED22D1DCDE0053C784 /* Main.storyboard in Resources */,
				EB17F91422CDF8BB00079912 /* LaunchScreen.storyboard in Resources */,
				EB17F91122CDF8BB00079912 /* Assets.xcassets in Resources */,
			);
			runOnlyForDeploymentPostprocessing = 0;
		};
/* End PBXResourcesBuildPhase section */

/* Begin PBXSourcesBuildPhase section */
		EB17F90222CDF8B900079912 /* Sources */ = {
			isa = PBXSourcesBuildPhase;
			buildActionMask = 2147483647;
			files = (
				EB17F90C22CDF8B900079912 /* ViewController.swift in Sources */,
				EB17F92D22CE2F9400079912 /* CGPoint_extension.swift in Sources */,
				EB17F91F22CE01EA00079912 /* PlayingCardDeck.swift in Sources */,
				EB17F91D22CDFAA700079912 /* PlayingCard.swift in Sources */,
				EB17F92922CE2A3E00079912 /* PlayingCardView_extension.swift in Sources */,
				EB17F92422CE1C7C00079912 /* PlayingCardView.swift in Sources */,
				EB17F92B22CE2F7500079912 /* CGRect_extension.swift in Sources */,
				EB17F92722CE1D9500079912 /* Int_extension.swift in Sources */,
				EB17F90A22CDF8B900079912 /* AppDelegate.swift in Sources */,
			);
			runOnlyForDeploymentPostprocessing = 0;
		};
/* End PBXSourcesBuildPhase section */

/* Begin PBXVariantGroup section */
		EB17F90D22CDF8B900079912 /* Main.storyboard */ = {
			isa = PBXVariantGroup;
			children = (
				EB17F90E22CDF8B900079912 /* Base */,
			);
			name = Main.storyboard;
			sourceTree = "<group>";
		};
		EB17F91222CDF8BB00079912 /* LaunchScreen.storyboard */ = {
			isa = PBXVariantGroup;
			children = (
				EB17F91322CDF8BB00079912 /* Base */,
			);
			name = LaunchScreen.storyboard;
			sourceTree = "<group>";
		};
/* End PBXVariantGroup section */

/* Begin XCBuildConfiguration section */
		EB17F91622CDF8BB00079912 /* Debug */ = {
			isa = XCBuildConfiguration;
			buildSettings = {
				ALWAYS_SEARCH_USER_PATHS = NO;
				CLANG_ANALYZER_NONNULL = YES;
				CLANG_ANALYZER_NUMBER_OBJECT_CONVERSION = YES_AGGRESSIVE;
				CLANG_CXX_LANGUAGE_STANDARD = "gnu++14";
				CLANG_CXX_LIBRARY = "libc++";
				CLANG_ENABLE_MODULES = YES;
				CLANG_ENABLE_OBJC_ARC = YES;
				CLANG_ENABLE_OBJC_WEAK = YES;
				CLANG_WARN_BLOCK_CAPTURE_AUTORELEASING = YES;
				CLANG_WARN_BOOL_CONVERSION = YES;
				CLANG_WARN_COMMA = YES;
				CLANG_WARN_CONSTANT_CONVERSION = YES;
				CLANG_WARN_DEPRECATED_OBJC_IMPLEMENTATIONS = YES;
				CLANG_WARN_DIRECT_OBJC_ISA_USAGE = YES_ERROR;
				CLANG_WARN_DOCUMENTATION_COMMENTS = YES;
				CLANG_WARN_EMPTY_BODY = YES;
				CLANG_WARN_ENUM_CONVERSION = YES;
				CLANG_WARN_INFINITE_RECURSION = YES;
				CLANG_WARN_INT_CONVERSION = YES;
				CLANG_WARN_NON_LITERAL_NULL_CONVERSION = YES;
				CLANG_WARN_OBJC_IMPLICIT_RETAIN_SELF = YES;
				CLANG_WARN_OBJC_LITERAL_CONVERSION = YES;
				CLANG_WARN_OBJC_ROOT_CLASS = YES_ERROR;
				CLANG_WARN_RANGE_LOOP_ANALYSIS = YES;
				CLANG_WARN_STRICT_PROTOTYPES = YES;
				CLANG_WARN_SUSPICIOUS_MOVE = YES;
				CLANG_WARN_UNGUARDED_AVAILABILITY = YES_AGGRESSIVE;
				CLANG_WARN_UNREACHABLE_CODE = YES;
				CLANG_WARN__DUPLICATE_METHOD_MATCH = YES;
				CODE_SIGN_IDENTITY = "iPhone Developer";
				COPY_PHASE_STRIP = NO;
				DEBUG_INFORMATION_FORMAT = dwarf;
				ENABLE_STRICT_OBJC_MSGSEND = YES;
				ENABLE_TESTABILITY = YES;
				GCC_C_LANGUAGE_STANDARD = gnu11;
				GCC_DYNAMIC_NO_PIC = NO;
				GCC_NO_COMMON_BLOCKS = YES;
				GCC_OPTIMIZATION_LEVEL = 0;
				GCC_PREPROCESSOR_DEFINITIONS = (
					"DEBUG=1",
					"$(inherited)",
				);
				GCC_WARN_64_TO_32_BIT_CONVERSION = YES;
				GCC_WARN_ABOUT_RETURN_TYPE = YES_ERROR;
				GCC_WARN_UNDECLARED_SELECTOR = YES;
				GCC_WARN_UNINITIALIZED_AUTOS = YES_AGGRESSIVE;
				GCC_WARN_UNUSED_FUNCTION = YES;
				GCC_WARN_UNUSED_VARIABLE = YES;
				IPHONEOS_DEPLOYMENT_TARGET = 12.0;
				MTL_ENABLE_DEBUG_INFO = INCLUDE_SOURCE;
				MTL_FAST_MATH = YES;
				ONLY_ACTIVE_ARCH = YES;
				SDKROOT = iphoneos;
				SWIFT_ACTIVE_COMPILATION_CONDITIONS = DEBUG;
				SWIFT_OPTIMIZATION_LEVEL = "-Onone";
			};
			name = Debug;
		};
		EB17F91722CDF8BB00079912 /* Release */ = {
			isa = XCBuildConfiguration;
			buildSettings = {
				ALWAYS_SEARCH_USER_PATHS = NO;
				CLANG_ANALYZER_NONNULL = YES;
				CLANG_ANALYZER_NUMBER_OBJECT_CONVERSION = YES_AGGRESSIVE;
				CLANG_CXX_LANGUAGE_STANDARD = "gnu++14";
				CLANG_CXX_LIBRARY = "libc++";
				CLANG_ENABLE_MODULES = YES;
				CLANG_ENABLE_OBJC_ARC = YES;
				CLANG_ENABLE_OBJC_WEAK = YES;
				CLANG_WARN_BLOCK_CAPTURE_AUTORELEASING = YES;
				CLANG_WARN_BOOL_CONVERSION = YES;
				CLANG_WARN_COMMA = YES;
				CLANG_WARN_CONSTANT_CONVERSION = YES;
				CLANG_WARN_DEPRECATED_OBJC_IMPLEMENTATIONS = YES;
				CLANG_WARN_DIRECT_OBJC_ISA_USAGE = YES_ERROR;
				CLANG_WARN_DOCUMENTATION_COMMENTS = YES;
				CLANG_WARN_EMPTY_BODY = YES;
				CLANG_WARN_ENUM_CONVERSION = YES;
				CLANG_WARN_INFINITE_RECURSION = YES;
				CLANG_WARN_INT_CONVERSION = YES;
				CLANG_WARN_NON_LITERAL_NULL_CONVERSION = YES;
				CLANG_WARN_OBJC_IMPLICIT_RETAIN_SELF = YES;
				CLANG_WARN_OBJC_LITERAL_CONVERSION = YES;
				CLANG_WARN_OBJC_ROOT_CLASS = YES_ERROR;
				CLANG_WARN_RANGE_LOOP_ANALYSIS = YES;
				CLANG_WARN_STRICT_PROTOTYPES = YES;
				CLANG_WARN_SUSPICIOUS_MOVE = YES;
				CLANG_WARN_UNGUARDED_AVAILABILITY = YES_AGGRESSIVE;
				CLANG_WARN_UNREACHABLE_CODE = YES;
				CLANG_WARN__DUPLICATE_METHOD_MATCH = YES;
				CODE_SIGN_IDENTITY = "iPhone Developer";
				COPY_PHASE_STRIP = NO;
				DEBUG_INFORMATION_FORMAT = "dwarf-with-dsym";
				ENABLE_NS_ASSERTIONS = NO;
				ENABLE_STRICT_OBJC_MSGSEND = YES;
				GCC_C_LANGUAGE_STANDARD = gnu11;
				GCC_NO_COMMON_BLOCKS = YES;
				GCC_WARN_64_TO_32_BIT_CONVERSION = YES;
				GCC_WARN_ABOUT_RETURN_TYPE = YES_ERROR;
				GCC_WARN_UNDECLARED_SELECTOR = YES;
				GCC_WARN_UNINITIALIZED_AUTOS = YES_AGGRESSIVE;
				GCC_WARN_UNUSED_FUNCTION = YES;
				GCC_WARN_UNUSED_VARIABLE = YES;
				IPHONEOS_DEPLOYMENT_TARGET = 12.0;
				MTL_ENABLE_DEBUG_INFO = NO;
				MTL_FAST_MATH = YES;
				SDKROOT = iphoneos;
				SWIFT_COMPILATION_MODE = wholemodule;
				SWIFT_OPTIMIZATION_LEVEL = "-O";
				VALIDATE_PRODUCT = YES;
			};
			name = Release;
		};
		EB17F91922CDF8BB00079912 /* Debug */ = {
			isa = XCBuildConfiguration;
			buildSettings = {
				ASSETCATALOG_COMPILER_APPICON_NAME = AppIcon;
				CODE_SIGN_STYLE = Automatic;
				INFOPLIST_FILE = PlayingCard/Info.plist;
				LD_RUNPATH_SEARCH_PATHS = (
					"$(inherited)",
					"@executable_path/Frameworks",
				);
				PRODUCT_BUNDLE_IDENTIFIER = inovaeg.PlayingCard;
				PRODUCT_NAME = "$(TARGET_NAME)";
				SWIFT_VERSION = 4.2;
				TARGETED_DEVICE_FAMILY = "1,2";
			};
			name = Debug;
		};
		EB17F91A22CDF8BB00079912 /* Release */ = {
			isa = XCBuildConfiguration;
			buildSettings = {
				ASSETCATALOG_COMPILER_APPICON_NAME = AppIcon;
				CODE_SIGN_STYLE = Automatic;
				INFOPLIST_FILE = PlayingCard/Info.plist;
				LD_RUNPATH_SEARCH_PATHS = (
					"$(inherited)",
					"@executable_path/Frameworks",
				);
				PRODUCT_BUNDLE_IDENTIFIER = inovaeg.PlayingCard;
				PRODUCT_NAME = "$(TARGET_NAME)";
				SWIFT_VERSION = 4.2;
				TARGETED_DEVICE_FAMILY = "1,2";
			};
			name = Release;
		};
/* End XCBuildConfiguration section */

/* Begin XCConfigurationList section */
		EB17F90122CDF8B900079912 /* Build configuration list for PBXProject "PlayingCard" */ = {
			isa = XCConfigurationList;
			buildConfigurations = (
				EB17F91622CDF8BB00079912 /* Debug */,
				EB17F91722CDF8BB00079912 /* Release */,
			);
			defaultConfigurationIsVisible = 0;
			defaultConfigurationName = Release;
		};
		EB17F91822CDF8BB00079912 /* Build configuration list for PBXNativeTarget "PlayingCard" */ = {
			isa = XCConfigurationList;
			buildConfigurations = (
				EB17F91922CDF8BB00079912 /* Debug */,
				EB17F91A22CDF8BB00079912 /* Release */,
			);
			defaultConfigurationIsVisible = 0;
			defaultConfigurationName = Release;
		};
/* End XCConfigurationList section */
	};
	rootObject = EB17F8FE22CDF8B900079912 /* Project object */;
}
